
Microsoft Visual Studio Solution File, Format Version 12.00
# Visual Studio Version 17
VisualStudioVersion = 17.1.32228.430
MinimumVisualStudioVersion = 10.0.40219.1
Project("{9A19103F-16F7-4668-BE54-9A1E7A4F7556}") = "StudyWork.Web", "StudyWork.Web\StudyWork.Web.csproj", "{4BD347FF-7AE4-4D3C-B81C-1CC3D380B3F0}"
EndProject
Project("{FAE04EC0-301F-11D3-BF4B-00C04F79EFBC}") = "FactWebTest", "FactWebTest\FactWebTest.csproj", "{5FBABAF3-FD40-452D-8C74-3D73876DB776}"
EndProject
Global
	GlobalSection(SolutionConfigurationPlatforms) = preSolution
		Debug|Any CPU = Debug|Any CPU
		Release|Any CPU = Release|Any CPU
	EndGlobalSection
	GlobalSection(ProjectConfigurationPlatforms) = postSolution
		{4BD347FF-7AE4-4D3C-B81C-1CC3D380B3F0}.Debug|Any CPU.ActiveCfg = Debug|Any CPU
		{4BD347FF-7AE4-4D3C-B81C-1CC3D380B3F0}.Debug|Any CPU.Build.0 = Debug|Any CPU
		{4BD347FF-7AE4-4D3C-B81C-1CC3D380B3F0}.Release|Any CPU.ActiveCfg = Release|Any CPU
		{4BD347FF-7AE4-4D3C-B81C-1CC3D380B3F0}.Release|Any CPU.Build.0 = Release|Any CPU
		{5FBABAF3-FD40-452D-8C74-3D73876DB776}.Debug|Any CPU.ActiveCfg = Debug|Any CPU
		{5FBABAF3-FD40-452D-8C74-3D73876DB776}.Debug|Any CPU.Build.0 = Debug|Any CPU
		{5FBABAF3-FD40-452D-8C74-3D73876DB776}.Release|Any CPU.ActiveCfg = Release|Any CPU
		{5FBABAF3-FD40-452D-8C74-3D73876DB776}.Release|Any CPU.Build.0 = Release|Any CPU
	EndGlobalSection
	GlobalSection(SolutionProperties) = preSolution
		HideSolutionNode = FALSE
	EndGlobalSection
	GlobalSection(ExtensibilityGlobals) = postSolution
		SolutionGuid = {09EF26AB-DFF8-40A8-BDE9-CC5676A05C02}
	EndGlobalSection
EndGlobal
